
Microsoft Visual Studio Solution File, Format Version 12.00
# Visual Studio Version 17
VisualStudioVersion = 17.11.35327.3
MinimumVisualStudioVersion = 10.0.40219.1
Project("{FAE04EC0-301F-11D3-BF4B-00C04F79EFBC}") = "RoWikiGenerator", "RoWikiGenerator.csproj", "{F07F8DD5-52EF-405B-BDA2-344B87E1E062}"
EndProject
Global
	GlobalSection(SolutionConfigurationPlatforms) = preSolution
		Debug|Any CPU = Debug|Any CPU
		Release|Any CPU = Release|Any CPU
	EndGlobalSection
	GlobalSection(ProjectConfigurationPlatforms) = postSolution
		{F07F8DD5-52EF-405B-BDA2-344B87E1E062}.Debug|Any CPU.ActiveCfg = Debug|Any CPU
		{F07F8DD5-52EF-405B-BDA2-344B87E1E062}.Debug|Any CPU.Build.0 = Debug|Any CPU
		{F07F8DD5-52EF-405B-BDA2-344B87E1E062}.Release|Any CPU.ActiveCfg = Release|Any CPU
		{F07F8DD5-52EF-405B-BDA2-344B87E1E062}.Release|Any CPU.Build.0 = Release|Any CPU
	EndGlobalSection
	GlobalSection(SolutionProperties) = preSolution
		HideSolutionNode = FALSE
	EndGlobalSection
	GlobalSection(ExtensibilityGlobals) = postSolution
		SolutionGuid = {A18A4B0F-4C5F-4F7A-9318-C0F53392AAAA}
	EndGlobalSection
EndGlobal
